
Microsoft Visual Studio Solution File, Format Version 12.00
# Visual Studio Version 16
VisualStudioVersion = 16.0.31321.278
MinimumVisualStudioVersion = 10.0.40219.1
Project("{FAE04EC0-301F-11D3-BF4B-00C04F79EFBC}") = "maze", "maze.csproj", "{16A8B080-C1DD-4B2B-AE30-A62C471BB242}"
EndProject
Global
	GlobalSection(SolutionConfigurationPlatforms) = preSolution
		Debug|Any CPU = Debug|Any CPU
		Release|Any CPU = Release|Any CPU
	EndGlobalSection
	GlobalSection(ProjectConfigurationPlatforms) = postSolution
		{16A8B080-C1DD-4B2B-AE30-A62C471BB242}.Debug|Any CPU.ActiveCfg = Debug|Any CPU
		{16A8B080-C1DD-4B2B-AE30-A62C471BB242}.Debug|Any CPU.Build.0 = Debug|Any CPU
		{16A8B080-C1DD-4B2B-AE30-A62C471BB242}.Release|Any CPU.ActiveCfg = Release|Any CPU
		{16A8B080-C1DD-4B2B-AE30-A62C471BB242}.Release|Any CPU.Build.0 = Release|Any CPU
	EndGlobalSection
	GlobalSection(SolutionProperties) = preSolution
		HideSolutionNode = FALSE
	EndGlobalSection
	GlobalSection(ExtensibilityGlobals) = postSolution
		SolutionGuid = {DFB04C5D-063B-403C-BFAB-FFE1ADE95BBB}
	EndGlobalSection
EndGlobal
